// !$*UTF8*$!
{
	archiveVersion = 1;
	classes = {
	};
	objectVersion = 46;
	objects = {

/* Begin PBXBuildFile section */
		455563E2199664B900AD9DFC /* AppDelegate.swift in Sources */ = {isa = PBXBuildFile; fileRef = 455563E1199664B900AD9DFC /* AppDelegate.swift */; };
		455563E4199664B900AD9DFC /* SearchResultsViewController.swift in Sources */ = {isa = PBXBuildFile; fileRef = 455563E3199664B900AD9DFC /* SearchResultsViewController.swift */; };
		455563E7199664B900AD9DFC /* Main.storyboard in Resources */ = {isa = PBXBuildFile; fileRef = 455563E5199664B900AD9DFC /* Main.storyboard */; };
		455563E9199664B900AD9DFC /* Images.xcassets in Resources */ = {isa = PBXBuildFile; fileRef = 455563E8199664B900AD9DFC /* Images.xcassets */; };
		455563F5199664B900AD9DFC /* GithubUserTests.swift in Sources */ = {isa = PBXBuildFile; fileRef = 455563F4199664B900AD9DFC /* GithubUserTests.swift */; };
		455563FF1996757100AD9DFC /* APIController.swift in Sources */ = {isa = PBXBuildFile; fileRef = 455563FE1996757100AD9DFC /* APIController.swift */; };
		459003271997C26700A9828A /* miry.jpg in Resources */ = {isa = PBXBuildFile; fileRef = 459003261997C26700A9828A /* miry.jpg */; };
		4590032A1997C80600A9828A /* Organization.swift in Sources */ = {isa = PBXBuildFile; fileRef = 459003291997C80600A9828A /* Organization.swift */; };
		4590032D1997C87500A9828A /* DetailsViewController.swift in Sources */ = {isa = PBXBuildFile; fileRef = 4590032C1997C87500A9828A /* DetailsViewController.swift */; };
		4590032F1997C8A100A9828A /* User.swift in Sources */ = {isa = PBXBuildFile; fileRef = 4590032E1997C8A100A9828A /* User.swift */; };
		45DF33B9199A668500009FFC /* gravatar-user-420.png in Resources */ = {isa = PBXBuildFile; fileRef = 45DF33B8199A668500009FFC /* gravatar-user-420.png */; };
/* End PBXBuildFile section */

/* Begin PBXContainerItemProxy section */
		455563EF199664B900AD9DFC /* PBXContainerItemProxy */ = {
			isa = PBXContainerItemProxy;
			containerPortal = 455563D4199664B800AD9DFC /* Project object */;
			proxyType = 1;
			remoteGlobalIDString = 455563DB199664B800AD9DFC;
			remoteInfo = HelloWorld;
		};
/* End PBXContainerItemProxy section */

/* Begin PBXFileReference section */
		455563DC199664B900AD9DFC /* GithubUser.app */ = {isa = PBXFileReference; explicitFileType = wrapper.application; includeInIndex = 0; path = GithubUser.app; sourceTree = BUILT_PRODUCTS_DIR; };
		455563E0199664B900AD9DFC /* Info.plist */ = {isa = PBXFileReference; lastKnownFileType = text.plist.xml; path = Info.plist; sourceTree = "<group>"; };
		455563E1199664B900AD9DFC /* AppDelegate.swift */ = {isa = PBXFileReference; lastKnownFileType = sourcecode.swift; path = AppDelegate.swift; sourceTree = "<group>"; };
		455563E3199664B900AD9DFC /* SearchResultsViewController.swift */ = {isa = PBXFileReference; lastKnownFileType = sourcecode.swift; path = SearchResultsViewController.swift; sourceTree = "<group>"; };
		455563E6199664B900AD9DFC /* Base */ = {isa = PBXFileReference; lastKnownFileType = file.storyboard; name = Base; path = Base.lproj/Main.storyboard; sourceTree = "<group>"; };
		455563E8199664B900AD9DFC /* Images.xcassets */ = {isa = PBXFileReference; lastKnownFileType = folder.assetcatalog; path = Images.xcassets; sourceTree = "<group>"; };
		455563EE199664B900AD9DFC /* GithubUserTests.xctest */ = {isa = PBXFileReference; explicitFileType = wrapper.cfbundle; includeInIndex = 0; path = GithubUserTests.xctest; sourceTree = BUILT_PRODUCTS_DIR; };
		455563F3199664B900AD9DFC /* Info.plist */ = {isa = PBXFileReference; lastKnownFileType = text.plist.xml; path = Info.plist; sourceTree = "<group>"; };
		455563F4199664B900AD9DFC /* GithubUserTests.swift */ = {isa = PBXFileReference; lastKnownFileType = sourcecode.swift; path = GithubUserTests.swift; sourceTree = "<group>"; };
		455563FE1996757100AD9DFC /* APIController.swift */ = {isa = PBXFileReference; fileEncoding = 4; lastKnownFileType = sourcecode.swift; path = APIController.swift; sourceTree = "<group>"; };
		459003261997C26700A9828A /* miry.jpg */ = {isa = PBXFileReference; lastKnownFileType = image.jpeg; path = miry.jpg; sourceTree = "<group>"; };
		459003291997C80600A9828A /* Organization.swift */ = {isa = PBXFileReference; fileEncoding = 4; lastKnownFileType = sourcecode.swift; path = Organization.swift; sourceTree = "<group>"; };
		4590032C1997C87500A9828A /* DetailsViewController.swift */ = {isa = PBXFileReference; fileEncoding = 4; lastKnownFileType = sourcecode.swift; path = DetailsViewController.swift; sourceTree = "<group>"; };
		4590032E1997C8A100A9828A /* User.swift */ = {isa = PBXFileReference; fileEncoding = 4; lastKnownFileType = sourcecode.swift; path = User.swift; sourceTree = "<group>"; };
		45DF33B8199A668500009FFC /* gravatar-user-420.png */ = {isa = PBXFileReference; lastKnownFileType = image.png; path = "gravatar-user-420.png"; sourceTree = "<group>"; };
/* End PBXFileReference section */

/* Begin PBXFrameworksBuildPhase section */
		455563D9199664B800AD9DFC /* Frameworks */ = {
			isa = PBXFrameworksBuildPhase;
			buildActionMask = 2147483647;
			files = (
			);
			runOnlyForDeploymentPostprocessing = 0;
		};
		455563EB199664B900AD9DFC /* Frameworks */ = {
			isa = PBXFrameworksBuildPhase;
			buildActionMask = 2147483647;
			files = (
			);
			runOnlyForDeploymentPostprocessing = 0;
		};
/* End PBXFrameworksBuildPhase section */

/* Begin PBXGroup section */
		455563D3199664B800AD9DFC = {
			isa = PBXGroup;
			children = (
				459003251997C26700A9828A /* Assets */,
				455563DE199664B900AD9DFC /* GithubUser */,
				455563F1199664B900AD9DFC /* GithubUserTests */,
				455563DD199664B900AD9DFC /* Products */,
			);
			sourceTree = "<group>";
		};
		455563DD199664B900AD9DFC /* Products */ = {
			isa = PBXGroup;
			children = (
				455563DC199664B900AD9DFC /* GithubUser.app */,
				455563EE199664B900AD9DFC /* GithubUserTests.xctest */,
			);
			name = Products;
			sourceTree = "<group>";
		};
		455563DE199664B900AD9DFC /* GithubUser */ = {
			isa = PBXGroup;
			children = (
				4590032B1997C86600A9828A /* Controllers */,
				459003281997C77600A9828A /* Models */,
				455563E1199664B900AD9DFC /* AppDelegate.swift */,
				455563E3199664B900AD9DFC /* SearchResultsViewController.swift */,
				455563E5199664B900AD9DFC /* Main.storyboard */,
				455563E8199664B900AD9DFC /* Images.xcassets */,
				455563DF199664B900AD9DFC /* Supporting Files */,
				455563FE1996757100AD9DFC /* APIController.swift */,
			);
			path = GithubUser;
			sourceTree = "<group>";
		};
		455563DF199664B900AD9DFC /* Supporting Files */ = {
			isa = PBXGroup;
			children = (
				455563E0199664B900AD9DFC /* Info.plist */,
			);
			name = "Supporting Files";
			sourceTree = "<group>";
		};
		455563F1199664B900AD9DFC /* GithubUserTests */ = {
			isa = PBXGroup;
			children = (
				455563F4199664B900AD9DFC /* GithubUserTests.swift */,
				455563F2199664B900AD9DFC /* Supporting Files */,
			);
			path = GithubUserTests;
			sourceTree = "<group>";
		};
		455563F2199664B900AD9DFC /* Supporting Files */ = {
			isa = PBXGroup;
			children = (
				455563F3199664B900AD9DFC /* Info.plist */,
			);
			name = "Supporting Files";
			sourceTree = "<group>";
		};
		459003251997C26700A9828A /* Assets */ = {
			isa = PBXGroup;
			children = (
				45DF33B8199A668500009FFC /* gravatar-user-420.png */,
				459003261997C26700A9828A /* miry.jpg */,
			);
			path = Assets;
			sourceTree = "<group>";
		};
		459003281997C77600A9828A /* Models */ = {
			isa = PBXGroup;
			children = (
				459003291997C80600A9828A /* Organization.swift */,
				4590032E1997C8A100A9828A /* User.swift */,
			);
			name = Models;
			sourceTree = "<group>";
		};
		4590032B1997C86600A9828A /* Controllers */ = {
			isa = PBXGroup;
			children = (
				4590032C1997C87500A9828A /* DetailsViewController.swift */,
			);
			name = Controllers;
			sourceTree = "<group>";
		};
/* End PBXGroup section */

/* Begin PBXNativeTarget section */
		455563DB199664B800AD9DFC /* GithubUser */ = {
			isa = PBXNativeTarget;
			buildConfigurationList = 455563F8199664B900AD9DFC /* Build configuration list for PBXNativeTarget "GithubUser" */;
			buildPhases = (
				455563D8199664B800AD9DFC /* Sources */,
				455563D9199664B800AD9DFC /* Frameworks */,
				455563DA199664B800AD9DFC /* Resources */,
			);
			buildRules = (
			);
			dependencies = (
			);
			name = GithubUser;
			productName = HelloWorld;
			productReference = 455563DC199664B900AD9DFC /* GithubUser.app */;
			productType = "com.apple.product-type.application";
		};
		455563ED199664B900AD9DFC /* GithubUserTests */ = {
			isa = PBXNativeTarget;
			buildConfigurationList = 455563FB199664B900AD9DFC /* Build configuration list for PBXNativeTarget "GithubUserTests" */;
			buildPhases = (
				455563EA199664B900AD9DFC /* Sources */,
				455563EB199664B900AD9DFC /* Frameworks */,
				455563EC199664B900AD9DFC /* Resources */,
			);
			buildRules = (
			);
			dependencies = (
				455563F0199664B900AD9DFC /* PBXTargetDependency */,
			);
			name = GithubUserTests;
			productName = HelloWorldTests;
			productReference = 455563EE199664B900AD9DFC /* GithubUserTests.xctest */;
			productType = "com.apple.product-type.bundle.unit-test";
		};
/* End PBXNativeTarget section */

/* Begin PBXProject section */
		455563D4199664B800AD9DFC /* Project object */ = {
			isa = PBXProject;
			attributes = {
				LastUpgradeCheck = 0600;
				ORGANIZATIONNAME = JetThoughts;
				TargetAttributes = {
					455563DB199664B800AD9DFC = {
						CreatedOnToolsVersion = 6.0;
						DevelopmentTeam = YSKPEF9RVX;
					};
					455563ED199664B900AD9DFC = {
						CreatedOnToolsVersion = 6.0;
						TestTargetID = 455563DB199664B800AD9DFC;
					};
				};
			};
			buildConfigurationList = 455563D7199664B800AD9DFC /* Build configuration list for PBXProject "GithubUser" */;
			compatibilityVersion = "Xcode 3.2";
			developmentRegion = English;
			hasScannedForEncodings = 0;
			knownRegions = (
				en,
				Base,
			);
			mainGroup = 455563D3199664B800AD9DFC;
			productRefGroup = 455563DD199664B900AD9DFC /* Products */;
			projectDirPath = "";
			projectRoot = "";
			targets = (
				455563DB199664B800AD9DFC /* GithubUser */,
				455563ED199664B900AD9DFC /* GithubUserTests */,
			);
		};
/* End PBXProject section */

/* Begin PBXResourcesBuildPhase section */
		455563DA199664B800AD9DFC /* Resources */ = {
			isa = PBXResourcesBuildPhase;
			buildActionMask = 2147483647;
			files = (
				459003271997C26700A9828A /* miry.jpg in Resources */,
				455563E7199664B900AD9DFC /* Main.storyboard in Resources */,
				455563E9199664B900AD9DFC /* Images.xcassets in Resources */,
				45DF33B9199A668500009FFC /* gravatar-user-420.png in Resources */,
			);
			runOnlyForDeploymentPostprocessing = 0;
		};
		455563EC199664B900AD9DFC /* Resources */ = {
			isa = PBXResourcesBuildPhase;
			buildActionMask = 2147483647;
			files = (
			);
			runOnlyForDeploymentPostprocessing = 0;
		};
/* End PBXResourcesBuildPhase section */

/* Begin PBXSourcesBuildPhase section */
		455563D8199664B800AD9DFC /* Sources */ = {
			isa = PBXSourcesBuildPhase;
			buildActionMask = 2147483647;
			files = (
				455563E4199664B900AD9DFC /* SearchResultsViewController.swift in Sources */,
				455563E2199664B900AD9DFC /* AppDelegate.swift in Sources */,
				4590032F1997C8A100A9828A /* User.swift in Sources */,
				4590032A1997C80600A9828A /* Organization.swift in Sources */,
				455563FF1996757100AD9DFC /* APIController.swift in Sources */,
				4590032D1997C87500A9828A /* DetailsViewController.swift in Sources */,
			);
			runOnlyForDeploymentPostprocessing = 0;
		};
		455563EA199664B900AD9DFC /* Sources */ = {
			isa = PBXSourcesBuildPhase;
			buildActionMask = 2147483647;
			files = (
				455563F5199664B900AD9DFC /* GithubUserTests.swift in Sources */,
			);
			runOnlyForDeploymentPostprocessing = 0;
		};
/* End PBXSourcesBuildPhase section */

/* Begin PBXTargetDependency section */
		455563F0199664B900AD9DFC /* PBXTargetDependency */ = {
			isa = PBXTargetDependency;
			target = 455563DB199664B800AD9DFC /* GithubUser */;
			targetProxy = 455563EF199664B900AD9DFC /* PBXContainerItemProxy */;
		};
/* End PBXTargetDependency section */

/* Begin PBXVariantGroup section */
		455563E5199664B900AD9DFC /* Main.storyboard */ = {
			isa = PBXVariantGroup;
			children = (
				455563E6199664B900AD9DFC /* Base */,
			);
			name = Main.storyboard;
			sourceTree = "<group>";
		};
/* End PBXVariantGroup section */

/* Begin XCBuildConfiguration section */
		455563F6199664B900AD9DFC /* Debug */ = {
			isa = XCBuildConfiguration;
			buildSettings = {
				ALWAYS_SEARCH_USER_PATHS = NO;
				CLANG_CXX_LANGUAGE_STANDARD = "gnu++0x";
				CLANG_CXX_LIBRARY = "libc++";
				CLANG_ENABLE_MODULES = YES;
				CLANG_ENABLE_OBJC_ARC = YES;
				CLANG_WARN_BOOL_CONVERSION = YES;
				CLANG_WARN_CONSTANT_CONVERSION = YES;
				CLANG_WARN_DIRECT_OBJC_ISA_USAGE = YES_ERROR;
				CLANG_WARN_EMPTY_BODY = YES;
				CLANG_WARN_ENUM_CONVERSION = YES;
				CLANG_WARN_INT_CONVERSION = YES;
				CLANG_WARN_OBJC_ROOT_CLASS = YES_ERROR;
				CLANG_WARN_UNREACHABLE_CODE = YES;
				CLANG_WARN__DUPLICATE_METHOD_MATCH = YES;
				"CODE_SIGN_IDENTITY[sdk=iphoneos*]" = "iPhone Developer";
				COPY_PHASE_STRIP = NO;
				ENABLE_STRICT_OBJC_MSGSEND = YES;
				GCC_C_LANGUAGE_STANDARD = gnu99;
				GCC_DYNAMIC_NO_PIC = NO;
				GCC_OPTIMIZATION_LEVEL = 0;
				GCC_PREPROCESSOR_DEFINITIONS = (
					"DEBUG=1",
					"$(inherited)",
				);
				GCC_SYMBOLS_PRIVATE_EXTERN = NO;
				GCC_WARN_64_TO_32_BIT_CONVERSION = YES;
				GCC_WARN_ABOUT_RETURN_TYPE = YES_ERROR;
				GCC_WARN_UNDECLARED_SELECTOR = YES;
				GCC_WARN_UNINITIALIZED_AUTOS = YES_AGGRESSIVE;
				GCC_WARN_UNUSED_FUNCTION = YES;
				GCC_WARN_UNUSED_VARIABLE = YES;
				IPHONEOS_DEPLOYMENT_TARGET = 8.0;
				MTL_ENABLE_DEBUG_INFO = YES;
				ONLY_ACTIVE_ARCH = YES;
				SDKROOT = iphoneos;
				SWIFT_OPTIMIZATION_LEVEL = "-Onone";
				TARGETED_DEVICE_FAMILY = "1,2";
			};
			name = Debug;
		};
		455563F7199664B900AD9DFC /* Release */ = {
			isa = XCBuildConfiguration;
			buildSettings = {
				ALWAYS_SEARCH_USER_PATHS = NO;
				CLANG_CXX_LANGUAGE_STANDARD = "gnu++0x";
				CLANG_CXX_LIBRARY = "libc++";
				CLANG_ENABLE_MODULES = YES;
				CLANG_ENABLE_OBJC_ARC = YES;
				CLANG_WARN_BOOL_CONVERSION = YES;
				CLANG_WARN_CONSTANT_CONVERSION = YES;
				CLANG_WARN_DIRECT_OBJC_ISA_USAGE = YES_ERROR;
				CLANG_WARN_EMPTY_BODY = YES;
				CLANG_WARN_ENUM_CONVERSION = YES;
				CLANG_WARN_INT_CONVERSION = YES;
				CLANG_WARN_OBJC_ROOT_CLASS = YES_ERROR;
				CLANG_WARN_UNREACHABLE_CODE = YES;
				CLANG_WARN__DUPLICATE_METHOD_MATCH = YES;
				"CODE_SIGN_IDENTITY[sdk=iphoneos*]" = "iPhone Developer";
				COPY_PHASE_STRIP = YES;
				ENABLE_NS_ASSERTIONS = NO;
				ENABLE_STRICT_OBJC_MSGSEND = YES;
				GCC_C_LANGUAGE_STANDARD = gnu99;
				GCC_WARN_64_TO_32_BIT_CONVERSION = YES;
				GCC_WARN_ABOUT_RETURN_TYPE = YES_ERROR;
				GCC_WARN_UNDECLARED_SELECTOR = YES;
				GCC_WARN_UNINITIALIZED_AUTOS = YES_AGGRESSIVE;
				GCC_WARN_UNUSED_FUNCTION = YES;
				GCC_WARN_UNUSED_VARIABLE = YES;
				IPHONEOS_DEPLOYMENT_TARGET = 8.0;
				MTL_ENABLE_DEBUG_INFO = NO;
				SDKROOT = iphoneos;
				TARGETED_DEVICE_FAMILY = "1,2";
				VALIDATE_PRODUCT = YES;
			};
			name = Release;
		};
		455563F9199664B900AD9DFC /* Debug */ = {
			isa = XCBuildConfiguration;
			buildSettings = {
				ASSETCATALOG_COMPILER_APPICON_NAME = AppIcon;
				ASSETCATALOG_COMPILER_LAUNCHIMAGE_NAME = LaunchImage;
				INFOPLIST_FILE = GithubUser/Info.plist;
				LD_RUNPATH_SEARCH_PATHS = "$(inherited) @executable_path/Frameworks";
				PRODUCT_NAME = GithubUser;
			};
			name = Debug;
		};
		455563FA199664B900AD9DFC /* Release */ = {
			isa = XCBuildConfiguration;
			buildSettings = {
				ASSETCATALOG_COMPILER_APPICON_NAME = AppIcon;
				ASSETCATALOG_COMPILER_LAUNCHIMAGE_NAME = LaunchImage;
				INFOPLIST_FILE = GithubUser/Info.plist;
				LD_RUNPATH_SEARCH_PATHS = "$(inherited) @executable_path/Frameworks";
				PRODUCT_NAME = GithubUser;
			};
			name = Release;
		};
		455563FC199664B900AD9DFC /* Debug */ = {
			isa = XCBuildConfiguration;
			buildSettings = {
				BUNDLE_LOADER = "$(BUILT_PRODUCTS_DIR)/HelloWorld.app/HelloWorld";
				FRAMEWORK_SEARCH_PATHS = (
					"$(SDKROOT)/Developer/Library/Frameworks",
					"$(inherited)",
				);
				GCC_PREPROCESSOR_DEFINITIONS = (
					"DEBUG=1",
					"$(inherited)",
				);
				INFOPLIST_FILE = HelloWorldTests/Info.plist;
				LD_RUNPATH_SEARCH_PATHS = "$(inherited) @executable_path/Frameworks @loader_path/Frameworks";
				PRODUCT_NAME = GithubUserTests;
				TEST_HOST = "$(BUNDLE_LOADER)";
			};
			name = Debug;
		};
		455563FD199664B900AD9DFC /* Release */ = {
			isa = XCBuildConfiguration;
			buildSettings = {
				BUNDLE_LOADER = "$(BUILT_PRODUCTS_DIR)/HelloWorld.app/HelloWorld";
				FRAMEWORK_SEARCH_PATHS = (
					"$(SDKROOT)/Developer/Library/Frameworks",
					"$(inherited)",
				);
				INFOPLIST_FILE = HelloWorldTests/Info.plist;
				LD_RUNPATH_SEARCH_PATHS = "$(inherited) @executable_path/Frameworks @loader_path/Frameworks";
				PRODUCT_NAME = GithubUserTests;
				TEST_HOST = "$(BUNDLE_LOADER)";
			};
			name = Release;
		};
/* End XCBuildConfiguration section */

/* Begin XCConfigurationList section */
		455563D7199664B800AD9DFC /* Build configuration list for PBXProject "GithubUser" */ = {
			isa = XCConfigurationList;
			buildConfigurations = (
				455563F6199664B900AD9DFC /* Debug */,
				455563F7199664B900AD9DFC /* Release */,
			);
			defaultConfigurationIsVisible = 0;
			defaultConfigurationName = Release;
		};
		455563F8199664B900AD9DFC /* Build configuration list for PBXNativeTarget "GithubUser" */ = {
			isa = XCConfigurationList;
			buildConfigurations = (
				455563F9199664B900AD9DFC /* Debug */,
				455563FA199664B900AD9DFC /* Release */,
			);
			defaultConfigurationIsVisible = 0;
			defaultConfigurationName = Release;
		};
		455563FB199664B900AD9DFC /* Build configuration list for PBXNativeTarget "GithubUserTests" */ = {
			isa = XCConfigurationList;
			buildConfigurations = (
				455563FC199664B900AD9DFC /* Debug */,
				455563FD199664B900AD9DFC /* Release */,
			);
			defaultConfigurationIsVisible = 0;
			defaultConfigurationName = Release;
		};
/* End XCConfigurationList section */
	};
	rootObject = 455563D4199664B800AD9DFC /* Project object */;
}
